
Microsoft Visual Studio Solution File, Format Version 12.00
# Visual Studio Version 17
VisualStudioVersion = 17.9.34728.123
MinimumVisualStudioVersion = 10.0.40219.1
Project("{FAE04EC0-301F-11D3-BF4B-00C04F79EFBC}") = "SIE.Core.Test", "SIE.Core.Test\SIE.Core.Test.csproj", "{D7CD3D1F-78BA-43F7-B3A8-2DEFF49E0F14}"
EndProject
Project("{FAE04EC0-301F-11D3-BF4B-00C04F79EFBC}") = "SIE.Core", "SIE.Core\SIE.Core.csproj", "{76F8A4DF-8811-4076-8460-F3969FB675EE}"
EndProject
Global
	GlobalSection(SolutionConfigurationPlatforms) = preSolution
		Debug|Any CPU = Debug|Any CPU
		Release|Any CPU = Release|Any CPU
	EndGlobalSection
	GlobalSection(ProjectConfigurationPlatforms) = postSolution
		{D7CD3D1F-78BA-43F7-B3A8-2DEFF49E0F14}.Debug|Any CPU.ActiveCfg = Debug|Any CPU
		{D7CD3D1F-78BA-43F7-B3A8-2DEFF49E0F14}.Debug|Any CPU.Build.0 = Debug|Any CPU
		{D7CD3D1F-78BA-43F7-B3A8-2DEFF49E0F14}.Release|Any CPU.ActiveCfg = Release|Any CPU
		{D7CD3D1F-78BA-43F7-B3A8-2DEFF49E0F14}.Release|Any CPU.Build.0 = Release|Any CPU
		{76F8A4DF-8811-4076-8460-F3969FB675EE}.Debug|Any CPU.ActiveCfg = Debug|Any CPU
		{76F8A4DF-8811-4076-8460-F3969FB675EE}.Debug|Any CPU.Build.0 = Debug|Any CPU
		{76F8A4DF-8811-4076-8460-F3969FB675EE}.Release|Any CPU.ActiveCfg = Release|Any CPU
		{76F8A4DF-8811-4076-8460-F3969FB675EE}.Release|Any CPU.Build.0 = Release|Any CPU
	EndGlobalSection
	GlobalSection(SolutionProperties) = preSolution
		HideSolutionNode = FALSE
	EndGlobalSection
	GlobalSection(ExtensibilityGlobals) = postSolution
		SolutionGuid = {C6028C89-2125-49D3-9288-EB9AF850ACD3}
	EndGlobalSection
EndGlobal
